// !$*UTF8*$!
{
	archiveVersion = 1;
	classes = {
	};
	objectVersion = 46;
	objects = {

/* Begin PBXBuildFile section */
		568C95551DAB350600AAA72C /* CHImageManager.m in Sources */ = {isa = PBXBuildFile; fileRef = 568C95541DAB350600AAA72C /* CHImageManager.m */; };
		568C95581DAB35E900AAA72C /* CHAlbumModel.m in Sources */ = {isa = PBXBuildFile; fileRef = 568C95571DAB35E900AAA72C /* CHAlbumModel.m */; };
		568C955B1DAB444600AAA72C /* CHAssetModel.m in Sources */ = {isa = PBXBuildFile; fileRef = 568C955A1DAB444600AAA72C /* CHAssetModel.m */; };
		568C95611DAB4CA900AAA72C /* CHAlbumListViewController.m in Sources */ = {isa = PBXBuildFile; fileRef = 568C95601DAB4CA900AAA72C /* CHAlbumListViewController.m */; };
		568C95641DAB4CC400AAA72C /* CHImagePickerViewController.m in Sources */ = {isa = PBXBuildFile; fileRef = 568C95631DAB4CC400AAA72C /* CHImagePickerViewController.m */; };
		568C95681DAB521000AAA72C /* CHAlbumListViewCell.m in Sources */ = {isa = PBXBuildFile; fileRef = 568C95661DAB521000AAA72C /* CHAlbumListViewCell.m */; };
		568C95691DAB521000AAA72C /* CHAlbumListViewCell.xib in Resources */ = {isa = PBXBuildFile; fileRef = 568C95671DAB521000AAA72C /* CHAlbumListViewCell.xib */; };
		568C95701DAB537F00AAA72C /* CHImageListViewCell.m in Sources */ = {isa = PBXBuildFile; fileRef = 568C956E1DAB537F00AAA72C /* CHImageListViewCell.m */; };
		568C95711DAB537F00AAA72C /* CHImageListViewCell.xib in Resources */ = {isa = PBXBuildFile; fileRef = 568C956F1DAB537F00AAA72C /* CHImageListViewCell.xib */; };
		568C95781DAB566100AAA72C /* CHImageListViewController.m in Sources */ = {isa = PBXBuildFile; fileRef = 568C95761DAB566100AAA72C /* CHImageListViewController.m */; };
		568C957C1DAB72C700AAA72C /* CHImageBrowserViewController.m in Sources */ = {isa = PBXBuildFile; fileRef = 568C957B1DAB72C700AAA72C /* CHImageBrowserViewController.m */; };
		568C95C51DAB808B00AAA72C /* CHImageBrowserViewCell.m in Sources */ = {isa = PBXBuildFile; fileRef = 568C95C31DAB808B00AAA72C /* CHImageBrowserViewCell.m */; };
		568C95C91DAB8B4E00AAA72C /* CHImagePickerBaseViewController.m in Sources */ = {isa = PBXBuildFile; fileRef = 568C95C81DAB8B4E00AAA72C /* CHImagePickerBaseViewController.m */; };
		568C95CC1DABA6A600AAA72C /* CHDemoViewController.m in Sources */ = {isa = PBXBuildFile; fileRef = 568C95CB1DABA6A600AAA72C /* CHDemoViewController.m */; };
		568C95CF1DABA97D00AAA72C /* CHActionSheet.m in Sources */ = {isa = PBXBuildFile; fileRef = 568C95CE1DABA97D00AAA72C /* CHActionSheet.m */; };
		568C95D51DABABDC00AAA72C /* CHImageListBottomToolBar.m in Sources */ = {isa = PBXBuildFile; fileRef = 568C95D41DABABDC00AAA72C /* CHImageListBottomToolBar.m */; };
		568C95D81DACC84400AAA72C /* CHVideoManager.m in Sources */ = {isa = PBXBuildFile; fileRef = 568C95D71DACC84400AAA72C /* CHVideoManager.m */; };
		568C95E41DACCBA700AAA72C /* CHFileManager.m in Sources */ = {isa = PBXBuildFile; fileRef = 568C95E31DACCBA700AAA72C /* CHFileManager.m */; };
		568C95E71DACD1C300AAA72C /* UIImage+CHAddition.m in Sources */ = {isa = PBXBuildFile; fileRef = 568C95E61DACD1C300AAA72C /* UIImage+CHAddition.m */; };
		568C95EA1DACD65900AAA72C /* CHVideoViewController.m in Sources */ = {isa = PBXBuildFile; fileRef = 568C95E91DACD65900AAA72C /* CHVideoViewController.m */; };
		568C95ED1DACEB1E00AAA72C /* TZImagePickerController.bundle in Resources */ = {isa = PBXBuildFile; fileRef = 568C95EC1DACEB1E00AAA72C /* TZImagePickerController.bundle */; };
		56C0D9041DAB287A002C7D5C /* main.m in Sources */ = {isa = PBXBuildFile; fileRef = 56C0D9031DAB287A002C7D5C /* main.m */; };
		56C0D9071DAB287A002C7D5C /* AppDelegate.m in Sources */ = {isa = PBXBuildFile; fileRef = 56C0D9061DAB287A002C7D5C /* AppDelegate.m */; };
		56C0D90A1DAB287A002C7D5C /* ViewController.m in Sources */ = {isa = PBXBuildFile; fileRef = 56C0D9091DAB287A002C7D5C /* ViewController.m */; };
		56C0D90D1DAB287A002C7D5C /* Main.storyboard in Resources */ = {isa = PBXBuildFile; fileRef = 56C0D90B1DAB287A002C7D5C /* Main.storyboard */; };
		56C0D90F1DAB287A002C7D5C /* Assets.xcassets in Resources */ = {isa = PBXBuildFile; fileRef = 56C0D90E1DAB287A002C7D5C /* Assets.xcassets */; };
		56C0D9121DAB287A002C7D5C /* LaunchScreen.storyboard in Resources */ = {isa = PBXBuildFile; fileRef = 56C0D9101DAB287A002C7D5C /* LaunchScreen.storyboard */; };
		56C0D91D1DAB287A002C7D5C /* ImagePickerTests.m in Sources */ = {isa = PBXBuildFile; fileRef = 56C0D91C1DAB287A002C7D5C /* ImagePickerTests.m */; };
		56C0D9281DAB287B002C7D5C /* ImagePickerUITests.m in Sources */ = {isa = PBXBuildFile; fileRef = 56C0D9271DAB287A002C7D5C /* ImagePickerUITests.m */; };
/* End PBXBuildFile section */

/* Begin PBXContainerItemProxy section */
		56C0D9191DAB287A002C7D5C /* PBXContainerItemProxy */ = {
			isa = PBXContainerItemProxy;
			containerPortal = 56C0D8F71DAB287A002C7D5C /* Project object */;
			proxyType = 1;
			remoteGlobalIDString = 56C0D8FE1DAB287A002C7D5C;
			remoteInfo = ImagePicker;
		};
		56C0D9241DAB287A002C7D5C /* PBXContainerItemProxy */ = {
			isa = PBXContainerItemProxy;
			containerPortal = 56C0D8F71DAB287A002C7D5C /* Project object */;
			proxyType = 1;
			remoteGlobalIDString = 56C0D8FE1DAB287A002C7D5C;
			remoteInfo = ImagePicker;
		};
/* End PBXContainerItemProxy section */

/* Begin PBXFileReference section */
		568C95531DAB350600AAA72C /* CHImageManager.h */ = {isa = PBXFileReference; fileEncoding = 4; lastKnownFileType = sourcecode.c.h; path = CHImageManager.h; sourceTree = "<group>"; };
		568C95541DAB350600AAA72C /* CHImageManager.m */ = {isa = PBXFileReference; fileEncoding = 4; lastKnownFileType = sourcecode.c.objc; path = CHImageManager.m; sourceTree = "<group>"; };
		568C95561DAB35E900AAA72C /* CHAlbumModel.h */ = {isa = PBXFileReference; fileEncoding = 4; lastKnownFileType = sourcecode.c.h; path = CHAlbumModel.h; sourceTree = "<group>"; };
		568C95571DAB35E900AAA72C /* CHAlbumModel.m */ = {isa = PBXFileReference; fileEncoding = 4; lastKnownFileType = sourcecode.c.objc; path = CHAlbumModel.m; sourceTree = "<group>"; };
		568C95591DAB444600AAA72C /* CHAssetModel.h */ = {isa = PBXFileReference; fileEncoding = 4; lastKnownFileType = sourcecode.c.h; path = CHAssetModel.h; sourceTree = "<group>"; };
		568C955A1DAB444600AAA72C /* CHAssetModel.m */ = {isa = PBXFileReference; fileEncoding = 4; lastKnownFileType = sourcecode.c.objc; path = CHAssetModel.m; sourceTree = "<group>"; };
		568C955F1DAB4CA900AAA72C /* CHAlbumListViewController.h */ = {isa = PBXFileReference; fileEncoding = 4; lastKnownFileType = sourcecode.c.h; path = CHAlbumListViewController.h; sourceTree = "<group>"; };
		568C95601DAB4CA900AAA72C /* CHAlbumListViewController.m */ = {isa = PBXFileReference; fileEncoding = 4; lastKnownFileType = sourcecode.c.objc; path = CHAlbumListViewController.m; sourceTree = "<group>"; };
		568C95621DAB4CC400AAA72C /* CHImagePickerViewController.h */ = {isa = PBXFileReference; fileEncoding = 4; lastKnownFileType = sourcecode.c.h; path = CHImagePickerViewController.h; sourceTree = "<group>"; };
		568C95631DAB4CC400AAA72C /* CHImagePickerViewController.m */ = {isa = PBXFileReference; fileEncoding = 4; lastKnownFileType = sourcecode.c.objc; path = CHImagePickerViewController.m; sourceTree = "<group>"; };
		568C95651DAB521000AAA72C /* CHAlbumListViewCell.h */ = {isa = PBXFileReference; fileEncoding = 4; lastKnownFileType = sourcecode.c.h; path = CHAlbumListViewCell.h; sourceTree = "<group>"; };
		568C95661DAB521000AAA72C /* CHAlbumListViewCell.m */ = {isa = PBXFileReference; fileEncoding = 4; lastKnownFileType = sourcecode.c.objc; path = CHAlbumListViewCell.m; sourceTree = "<group>"; };
		568C95671DAB521000AAA72C /* CHAlbumListViewCell.xib */ = {isa = PBXFileReference; fileEncoding = 4; lastKnownFileType = file.xib; path = CHAlbumListViewCell.xib; sourceTree = "<group>"; };
		568C956D1DAB537F00AAA72C /* CHImageListViewCell.h */ = {isa = PBXFileReference; fileEncoding = 4; lastKnownFileType = sourcecode.c.h; path = CHImageListViewCell.h; sourceTree = "<group>"; };
		568C956E1DAB537F00AAA72C /* CHImageListViewCell.m */ = {isa = PBXFileReference; fileEncoding = 4; lastKnownFileType = sourcecode.c.objc; path = CHImageListViewCell.m; sourceTree = "<group>"; };
		568C956F1DAB537F00AAA72C /* CHImageListViewCell.xib */ = {isa = PBXFileReference; fileEncoding = 4; lastKnownFileType = file.xib; path = CHImageListViewCell.xib; sourceTree = "<group>"; };
		568C95751DAB566100AAA72C /* CHImageListViewController.h */ = {isa = PBXFileReference; fileEncoding = 4; lastKnownFileType = sourcecode.c.h; path = CHImageListViewController.h; sourceTree = "<group>"; };
		568C95761DAB566100AAA72C /* CHImageListViewController.m */ = {isa = PBXFileReference; fileEncoding = 4; lastKnownFileType = sourcecode.c.objc; path = CHImageListViewController.m; sourceTree = "<group>"; };
		568C957A1DAB72C700AAA72C /* CHImageBrowserViewController.h */ = {isa = PBXFileReference; fileEncoding = 4; lastKnownFileType = sourcecode.c.h; path = CHImageBrowserViewController.h; sourceTree = "<group>"; };
		568C957B1DAB72C700AAA72C /* CHImageBrowserViewController.m */ = {isa = PBXFileReference; fileEncoding = 4; lastKnownFileType = sourcecode.c.objc; path = CHImageBrowserViewController.m; sourceTree = "<group>"; };
		568C95C21DAB808B00AAA72C /* CHImageBrowserViewCell.h */ = {isa = PBXFileReference; fileEncoding = 4; lastKnownFileType = sourcecode.c.h; path = CHImageBrowserViewCell.h; sourceTree = "<group>"; };
		568C95C31DAB808B00AAA72C /* CHImageBrowserViewCell.m */ = {isa = PBXFileReference; fileEncoding = 4; lastKnownFileType = sourcecode.c.objc; path = CHImageBrowserViewCell.m; sourceTree = "<group>"; };
		568C95C71DAB8B4E00AAA72C /* CHImagePickerBaseViewController.h */ = {isa = PBXFileReference; fileEncoding = 4; lastKnownFileType = sourcecode.c.h; path = CHImagePickerBaseViewController.h; sourceTree = "<group>"; };
		568C95C81DAB8B4E00AAA72C /* CHImagePickerBaseViewController.m */ = {isa = PBXFileReference; fileEncoding = 4; lastKnownFileType = sourcecode.c.objc; path = CHImagePickerBaseViewController.m; sourceTree = "<group>"; };
		568C95CA1DABA6A600AAA72C /* CHDemoViewController.h */ = {isa = PBXFileReference; fileEncoding = 4; lastKnownFileType = sourcecode.c.h; path = CHDemoViewController.h; sourceTree = "<group>"; };
		568C95CB1DABA6A600AAA72C /* CHDemoViewController.m */ = {isa = PBXFileReference; fileEncoding = 4; lastKnownFileType = sourcecode.c.objc; path = CHDemoViewController.m; sourceTree = "<group>"; };
		568C95CD1DABA97D00AAA72C /* CHActionSheet.h */ = {isa = PBXFileReference; fileEncoding = 4; lastKnownFileType = sourcecode.c.h; path = CHActionSheet.h; sourceTree = "<group>"; };
		568C95CE1DABA97D00AAA72C /* CHActionSheet.m */ = {isa = PBXFileReference; fileEncoding = 4; lastKnownFileType = sourcecode.c.objc; path = CHActionSheet.m; sourceTree = "<group>"; };
		568C95D31DABABDC00AAA72C /* CHImageListBottomToolBar.h */ = {isa = PBXFileReference; fileEncoding = 4; lastKnownFileType = sourcecode.c.h; path = CHImageListBottomToolBar.h; sourceTree = "<group>"; };
		568C95D41DABABDC00AAA72C /* CHImageListBottomToolBar.m */ = {isa = PBXFileReference; fileEncoding = 4; lastKnownFileType = sourcecode.c.objc; path = CHImageListBottomToolBar.m; sourceTree = "<group>"; };
		568C95D61DACC84400AAA72C /* CHVideoManager.h */ = {isa = PBXFileReference; fileEncoding = 4; lastKnownFileType = sourcecode.c.h; path = CHVideoManager.h; sourceTree = "<group>"; };
		568C95D71DACC84400AAA72C /* CHVideoManager.m */ = {isa = PBXFileReference; fileEncoding = 4; lastKnownFileType = sourcecode.c.objc; path = CHVideoManager.m; sourceTree = "<group>"; };
		568C95E21DACCBA700AAA72C /* CHFileManager.h */ = {isa = PBXFileReference; fileEncoding = 4; lastKnownFileType = sourcecode.c.h; path = CHFileManager.h; sourceTree = "<group>"; };
		568C95E31DACCBA700AAA72C /* CHFileManager.m */ = {isa = PBXFileReference; fileEncoding = 4; lastKnownFileType = sourcecode.c.objc; path = CHFileManager.m; sourceTree = "<group>"; };
		568C95E51DACD1C300AAA72C /* UIImage+CHAddition.h */ = {isa = PBXFileReference; fileEncoding = 4; lastKnownFileType = sourcecode.c.h; path = "UIImage+CHAddition.h"; sourceTree = "<group>"; };
		568C95E61DACD1C300AAA72C /* UIImage+CHAddition.m */ = {isa = PBXFileReference; fileEncoding = 4; lastKnownFileType = sourcecode.c.objc; path = "UIImage+CHAddition.m"; sourceTree = "<group>"; };
		568C95E81DACD65900AAA72C /* CHVideoViewController.h */ = {isa = PBXFileReference; fileEncoding = 4; lastKnownFileType = sourcecode.c.h; path = CHVideoViewController.h; sourceTree = "<group>"; };
		568C95E91DACD65900AAA72C /* CHVideoViewController.m */ = {isa = PBXFileReference; fileEncoding = 4; lastKnownFileType = sourcecode.c.objc; path = CHVideoViewController.m; sourceTree = "<group>"; };
		568C95EB1DACDB4C00AAA72C /* CHImagePickerConstant.h */ = {isa = PBXFileReference; lastKnownFileType = sourcecode.c.h; path = CHImagePickerConstant.h; sourceTree = "<group>"; };
		568C95EC1DACEB1E00AAA72C /* TZImagePickerController.bundle */ = {isa = PBXFileReference; lastKnownFileType = "wrapper.plug-in"; path = TZImagePickerController.bundle; sourceTree = "<group>"; };
		56C0D8FF1DAB287A002C7D5C /* ImagePicker.app */ = {isa = PBXFileReference; explicitFileType = wrapper.application; includeInIndex = 0; path = ImagePicker.app; sourceTree = BUILT_PRODUCTS_DIR; };
		56C0D9031DAB287A002C7D5C /* main.m */ = {isa = PBXFileReference; lastKnownFileType = sourcecode.c.objc; path = main.m; sourceTree = "<group>"; };
		56C0D9051DAB287A002C7D5C /* AppDelegate.h */ = {isa = PBXFileReference; lastKnownFileType = sourcecode.c.h; path = AppDelegate.h; sourceTree = "<group>"; };
		56C0D9061DAB287A002C7D5C /* AppDelegate.m */ = {isa = PBXFileReference; lastKnownFileType = sourcecode.c.objc; path = AppDelegate.m; sourceTree = "<group>"; };
		56C0D9081DAB287A002C7D5C /* ViewController.h */ = {isa = PBXFileReference; lastKnownFileType = sourcecode.c.h; path = ViewController.h; sourceTree = "<group>"; };
		56C0D9091DAB287A002C7D5C /* ViewController.m */ = {isa = PBXFileReference; lastKnownFileType = sourcecode.c.objc; path = ViewController.m; sourceTree = "<group>"; };
		56C0D90C1DAB287A002C7D5C /* Base */ = {isa = PBXFileReference; lastKnownFileType = file.storyboard; name = Base; path = Base.lproj/Main.storyboard; sourceTree = "<group>"; };
		56C0D90E1DAB287A002C7D5C /* Assets.xcassets */ = {isa = PBXFileReference; lastKnownFileType = folder.assetcatalog; path = Assets.xcassets; sourceTree = "<group>"; };
		56C0D9111DAB287A002C7D5C /* Base */ = {isa = PBXFileReference; lastKnownFileType = file.storyboard; name = Base; path = Base.lproj/LaunchScreen.storyboard; sourceTree = "<group>"; };
		56C0D9131DAB287A002C7D5C /* Info.plist */ = {isa = PBXFileReference; lastKnownFileType = text.plist.xml; path = Info.plist; sourceTree = "<group>"; };
		56C0D9181DAB287A002C7D5C /* ImagePickerTests.xctest */ = {isa = PBXFileReference; explicitFileType = wrapper.cfbundle; includeInIndex = 0; path = ImagePickerTests.xctest; sourceTree = BUILT_PRODUCTS_DIR; };
		56C0D91C1DAB287A002C7D5C /* ImagePickerTests.m */ = {isa = PBXFileReference; lastKnownFileType = sourcecode.c.objc; path = ImagePickerTests.m; sourceTree = "<group>"; };
		56C0D91E1DAB287A002C7D5C /* Info.plist */ = {isa = PBXFileReference; lastKnownFileType = text.plist.xml; path = Info.plist; sourceTree = "<group>"; };
		56C0D9231DAB287A002C7D5C /* ImagePickerUITests.xctest */ = {isa = PBXFileReference; explicitFileType = wrapper.cfbundle; includeInIndex = 0; path = ImagePickerUITests.xctest; sourceTree = BUILT_PRODUCTS_DIR; };
		56C0D9271DAB287A002C7D5C /* ImagePickerUITests.m */ = {isa = PBXFileReference; lastKnownFileType = sourcecode.c.objc; path = ImagePickerUITests.m; sourceTree = "<group>"; };
		56C0D9291DAB287B002C7D5C /* Info.plist */ = {isa = PBXFileReference; lastKnownFileType = text.plist.xml; path = Info.plist; sourceTree = "<group>"; };
/* End PBXFileReference section */

/* Begin PBXFrameworksBuildPhase section */
		56C0D8FC1DAB287A002C7D5C /* Frameworks */ = {
			isa = PBXFrameworksBuildPhase;
			buildActionMask = 2147483647;
			files = (
			);
			runOnlyForDeploymentPostprocessing = 0;
		};
		56C0D9151DAB287A002C7D5C /* Frameworks */ = {
			isa = PBXFrameworksBuildPhase;
			buildActionMask = 2147483647;
			files = (
			);
			runOnlyForDeploymentPostprocessing = 0;
		};
		56C0D9201DAB287A002C7D5C /* Frameworks */ = {
			isa = PBXFrameworksBuildPhase;
			buildActionMask = 2147483647;
			files = (
			);
			runOnlyForDeploymentPostprocessing = 0;
		};
/* End PBXFrameworksBuildPhase section */

/* Begin PBXGroup section */
		56C0D8F61DAB287A002C7D5C = {
			isa = PBXGroup;
			children = (
				56C0D9011DAB287A002C7D5C /* ImagePicker */,
				56C0D91B1DAB287A002C7D5C /* ImagePickerTests */,
				56C0D9261DAB287A002C7D5C /* ImagePickerUITests */,
				56C0D9001DAB287A002C7D5C /* Products */,
			);
			sourceTree = "<group>";
		};
		56C0D9001DAB287A002C7D5C /* Products */ = {
			isa = PBXGroup;
			children = (
				56C0D8FF1DAB287A002C7D5C /* ImagePicker.app */,
				56C0D9181DAB287A002C7D5C /* ImagePickerTests.xctest */,
				56C0D9231DAB287A002C7D5C /* ImagePickerUITests.xctest */,
			);
			name = Products;
			sourceTree = "<group>";
		};
		56C0D9011DAB287A002C7D5C /* ImagePicker */ = {
			isa = PBXGroup;
			children = (
				568C95EC1DACEB1E00AAA72C /* TZImagePickerController.bundle */,
				56C0D9051DAB287A002C7D5C /* AppDelegate.h */,
				56C0D9061DAB287A002C7D5C /* AppDelegate.m */,
				568C95EB1DACDB4C00AAA72C /* CHImagePickerConstant.h */,
				568C95CD1DABA97D00AAA72C /* CHActionSheet.h */,
				568C95CE1DABA97D00AAA72C /* CHActionSheet.m */,
				568C95CA1DABA6A600AAA72C /* CHDemoViewController.h */,
				568C95CB1DABA6A600AAA72C /* CHDemoViewController.m */,
				568C95E21DACCBA700AAA72C /* CHFileManager.h */,
				568C95E31DACCBA700AAA72C /* CHFileManager.m */,
				568C95C71DAB8B4E00AAA72C /* CHImagePickerBaseViewController.h */,
				568C95C81DAB8B4E00AAA72C /* CHImagePickerBaseViewController.m */,
				56C0D9081DAB287A002C7D5C /* ViewController.h */,
				56C0D9091DAB287A002C7D5C /* ViewController.m */,
				568C95561DAB35E900AAA72C /* CHAlbumModel.h */,
				568C95571DAB35E900AAA72C /* CHAlbumModel.m */,
				568C95591DAB444600AAA72C /* CHAssetModel.h */,
				568C955A1DAB444600AAA72C /* CHAssetModel.m */,
				568C95531DAB350600AAA72C /* CHImageManager.h */,
				568C95541DAB350600AAA72C /* CHImageManager.m */,
				568C95E51DACD1C300AAA72C /* UIImage+CHAddition.h */,
				568C95E61DACD1C300AAA72C /* UIImage+CHAddition.m */,
				568C95D61DACC84400AAA72C /* CHVideoManager.h */,
				568C95D71DACC84400AAA72C /* CHVideoManager.m */,
				568C95E81DACD65900AAA72C /* CHVideoViewController.h */,
				568C95E91DACD65900AAA72C /* CHVideoViewController.m */,
				568C95751DAB566100AAA72C /* CHImageListViewController.h */,
				568C95761DAB566100AAA72C /* CHImageListViewController.m */,
				568C95D31DABABDC00AAA72C /* CHImageListBottomToolBar.h */,
				568C95D41DABABDC00AAA72C /* CHImageListBottomToolBar.m */,
				568C957A1DAB72C700AAA72C /* CHImageBrowserViewController.h */,
				568C957B1DAB72C700AAA72C /* CHImageBrowserViewController.m */,
				568C95C21DAB808B00AAA72C /* CHImageBrowserViewCell.h */,
				568C95C31DAB808B00AAA72C /* CHImageBrowserViewCell.m */,
				568C956D1DAB537F00AAA72C /* CHImageListViewCell.h */,
				568C956E1DAB537F00AAA72C /* CHImageListViewCell.m */,
				568C956F1DAB537F00AAA72C /* CHImageListViewCell.xib */,
				568C955F1DAB4CA900AAA72C /* CHAlbumListViewController.h */,
				568C95601DAB4CA900AAA72C /* CHAlbumListViewController.m */,
				568C95651DAB521000AAA72C /* CHAlbumListViewCell.h */,
				568C95661DAB521000AAA72C /* CHAlbumListViewCell.m */,
				568C95671DAB521000AAA72C /* CHAlbumListViewCell.xib */,
				568C95621DAB4CC400AAA72C /* CHImagePickerViewController.h */,
				568C95631DAB4CC400AAA72C /* CHImagePickerViewController.m */,
				56C0D90B1DAB287A002C7D5C /* Main.storyboard */,
				56C0D90E1DAB287A002C7D5C /* Assets.xcassets */,
				56C0D9101DAB287A002C7D5C /* LaunchScreen.storyboard */,
				56C0D9131DAB287A002C7D5C /* Info.plist */,
				56C0D9021DAB287A002C7D5C /* Supporting Files */,
			);
			path = ImagePicker;
			sourceTree = "<group>";
		};
		56C0D9021DAB287A002C7D5C /* Supporting Files */ = {
			isa = PBXGroup;
			children = (
				56C0D9031DAB287A002C7D5C /* main.m */,
			);
			name = "Supporting Files";
			sourceTree = "<group>";
		};
		56C0D91B1DAB287A002C7D5C /* ImagePickerTests */ = {
			isa = PBXGroup;
			children = (
				56C0D91C1DAB287A002C7D5C /* ImagePickerTests.m */,
				56C0D91E1DAB287A002C7D5C /* Info.plist */,
			);
			path = ImagePickerTests;
			sourceTree = "<group>";
		};
		56C0D9261DAB287A002C7D5C /* ImagePickerUITests */ = {
			isa = PBXGroup;
			children = (
				56C0D9271DAB287A002C7D5C /* ImagePickerUITests.m */,
				56C0D9291DAB287B002C7D5C /* Info.plist */,
			);
			path = ImagePickerUITests;
			sourceTree = "<group>";
		};
/* End PBXGroup section */

/* Begin PBXNativeTarget section */
		56C0D8FE1DAB287A002C7D5C /* ImagePicker */ = {
			isa = PBXNativeTarget;
			buildConfigurationList = 56C0D92C1DAB287B002C7D5C /* Build configuration list for PBXNativeTarget "ImagePicker" */;
			buildPhases = (
				56C0D8FB1DAB287A002C7D5C /* Sources */,
				56C0D8FC1DAB287A002C7D5C /* Frameworks */,
				56C0D8FD1DAB287A002C7D5C /* Resources */,
			);
			buildRules = (
			);
			dependencies = (
			);
			name = ImagePicker;
			productName = ImagePicker;
			productReference = 56C0D8FF1DAB287A002C7D5C /* ImagePicker.app */;
			productType = "com.apple.product-type.application";
		};
		56C0D9171DAB287A002C7D5C /* ImagePickerTests */ = {
			isa = PBXNativeTarget;
			buildConfigurationList = 56C0D92F1DAB287B002C7D5C /* Build configuration list for PBXNativeTarget "ImagePickerTests" */;
			buildPhases = (
				56C0D9141DAB287A002C7D5C /* Sources */,
				56C0D9151DAB287A002C7D5C /* Frameworks */,
				56C0D9161DAB287A002C7D5C /* Resources */,
			);
			buildRules = (
			);
			dependencies = (
				56C0D91A1DAB287A002C7D5C /* PBXTargetDependency */,
			);
			name = ImagePickerTests;
			productName = ImagePickerTests;
			productReference = 56C0D9181DAB287A002C7D5C /* ImagePickerTests.xctest */;
			productType = "com.apple.product-type.bundle.unit-test";
		};
		56C0D9221DAB287A002C7D5C /* ImagePickerUITests */ = {
			isa = PBXNativeTarget;
			buildConfigurationList = 56C0D9321DAB287B002C7D5C /* Build configuration list for PBXNativeTarget "ImagePickerUITests" */;
			buildPhases = (
				56C0D91F1DAB287A002C7D5C /* Sources */,
				56C0D9201DAB287A002C7D5C /* Frameworks */,
				56C0D9211DAB287A002C7D5C /* Resources */,
			);
			buildRules = (
			);
			dependencies = (
				56C0D9251DAB287A002C7D5C /* PBXTargetDependency */,
			);
			name = ImagePickerUITests;
			productName = ImagePickerUITests;
			productReference = 56C0D9231DAB287A002C7D5C /* ImagePickerUITests.xctest */;
			productType = "com.apple.product-type.bundle.ui-testing";
		};
/* End PBXNativeTarget section */

/* Begin PBXProject section */
		56C0D8F71DAB287A002C7D5C /* Project object */ = {
			isa = PBXProject;
			attributes = {
				CLASSPREFIX = CH;
				LastUpgradeCheck = 0730;
				ORGANIZATIONNAME = Charles;
				TargetAttributes = {
					56C0D8FE1DAB287A002C7D5C = {
						CreatedOnToolsVersion = 7.3.1;
					};
					56C0D9171DAB287A002C7D5C = {
						CreatedOnToolsVersion = 7.3.1;
						TestTargetID = 56C0D8FE1DAB287A002C7D5C;
					};
					56C0D9221DAB287A002C7D5C = {
						CreatedOnToolsVersion = 7.3.1;
						TestTargetID = 56C0D8FE1DAB287A002C7D5C;
					};
				};
			};
			buildConfigurationList = 56C0D8FA1DAB287A002C7D5C /* Build configuration list for PBXProject "ImagePicker" */;
			compatibilityVersion = "Xcode 3.2";
			developmentRegion = English;
			hasScannedForEncodings = 0;
			knownRegions = (
				en,
				Base,
			);
			mainGroup = 56C0D8F61DAB287A002C7D5C;
			productRefGroup = 56C0D9001DAB287A002C7D5C /* Products */;
			projectDirPath = "";
			projectRoot = "";
			targets = (
				56C0D8FE1DAB287A002C7D5C /* ImagePicker */,
				56C0D9171DAB287A002C7D5C /* ImagePickerTests */,
				56C0D9221DAB287A002C7D5C /* ImagePickerUITests */,
			);
		};
/* End PBXProject section */

/* Begin PBXResourcesBuildPhase section */
		56C0D8FD1DAB287A002C7D5C /* Resources */ = {
			isa = PBXResourcesBuildPhase;
			buildActionMask = 2147483647;
			files = (
				56C0D9121DAB287A002C7D5C /* LaunchScreen.storyboard in Resources */,
				568C95711DAB537F00AAA72C /* CHImageListViewCell.xib in Resources */,
				56C0D90F1DAB287A002C7D5C /* Assets.xcassets in Resources */,
				568C95ED1DACEB1E00AAA72C /* TZImagePickerController.bundle in Resources */,
				56C0D90D1DAB287A002C7D5C /* Main.storyboard in Resources */,
				568C95691DAB521000AAA72C /* CHAlbumListViewCell.xib in Resources */,
			);
			runOnlyForDeploymentPostprocessing = 0;
		};
		56C0D9161DAB287A002C7D5C /* Resources */ = {
			isa = PBXResourcesBuildPhase;
			buildActionMask = 2147483647;
			files = (
			);
			runOnlyForDeploymentPostprocessing = 0;
		};
		56C0D9211DAB287A002C7D5C /* Resources */ = {
			isa = PBXResourcesBuildPhase;
			buildActionMask = 2147483647;
			files = (
			);
			runOnlyForDeploymentPostprocessing = 0;
		};
/* End PBXResourcesBuildPhase section */

/* Begin PBXSourcesBuildPhase section */
		56C0D8FB1DAB287A002C7D5C /* Sources */ = {
			isa = PBXSourcesBuildPhase;
			buildActionMask = 2147483647;
			files = (
				568C95C91DAB8B4E00AAA72C /* CHImagePickerBaseViewController.m in Sources */,
				568C95CC1DABA6A600AAA72C /* CHDemoViewController.m in Sources */,
				568C95EA1DACD65900AAA72C /* CHVideoViewController.m in Sources */,
				568C95551DAB350600AAA72C /* CHImageManager.m in Sources */,
				568C955B1DAB444600AAA72C /* CHAssetModel.m in Sources */,
				568C95641DAB4CC400AAA72C /* CHImagePickerViewController.m in Sources */,
				568C95D51DABABDC00AAA72C /* CHImageListBottomToolBar.m in Sources */,
				568C95E71DACD1C300AAA72C /* UIImage+CHAddition.m in Sources */,
				568C95D81DACC84400AAA72C /* CHVideoManager.m in Sources */,
				56C0D90A1DAB287A002C7D5C /* ViewController.m in Sources */,
				568C95581DAB35E900AAA72C /* CHAlbumModel.m in Sources */,
				568C95E41DACCBA700AAA72C /* CHFileManager.m in Sources */,
				568C95781DAB566100AAA72C /* CHImageListViewController.m in Sources */,
				568C957C1DAB72C700AAA72C /* CHImageBrowserViewController.m in Sources */,
				568C95701DAB537F00AAA72C /* CHImageListViewCell.m in Sources */,
				568C95C51DAB808B00AAA72C /* CHImageBrowserViewCell.m in Sources */,
				56C0D9071DAB287A002C7D5C /* AppDelegate.m in Sources */,
				568C95CF1DABA97D00AAA72C /* CHActionSheet.m in Sources */,
				568C95611DAB4CA900AAA72C /* CHAlbumListViewController.m in Sources */,
				568C95681DAB521000AAA72C /* CHAlbumListViewCell.m in Sources */,
				56C0D9041DAB287A002C7D5C /* main.m in Sources */,
			);
			runOnlyForDeploymentPostprocessing = 0;
		};
		56C0D9141DAB287A002C7D5C /* Sources */ = {
			isa = PBXSourcesBuildPhase;
			buildActionMask = 2147483647;
			files = (
				56C0D91D1DAB287A002C7D5C /* ImagePickerTests.m in Sources */,
			);
			runOnlyForDeploymentPostprocessing = 0;
		};
		56C0D91F1DAB287A002C7D5C /* Sources */ = {
			isa = PBXSourcesBuildPhase;
			buildActionMask = 2147483647;
			files = (
				56C0D9281DAB287B002C7D5C /* ImagePickerUITests.m in Sources */,
			);
			runOnlyForDeploymentPostprocessing = 0;
		};
/* End PBXSourcesBuildPhase section */

/* Begin PBXTargetDependency section */
		56C0D91A1DAB287A002C7D5C /* PBXTargetDependency */ = {
			isa = PBXTargetDependency;
			target = 56C0D8FE1DAB287A002C7D5C /* ImagePicker */;
			targetProxy = 56C0D9191DAB287A002C7D5C /* PBXContainerItemProxy */;
		};
		56C0D9251DAB287A002C7D5C /* PBXTargetDependency */ = {
			isa = PBXTargetDependency;
			target = 56C0D8FE1DAB287A002C7D5C /* ImagePicker */;
			targetProxy = 56C0D9241DAB287A002C7D5C /* PBXContainerItemProxy */;
		};
/* End PBXTargetDependency section */

/* Begin PBXVariantGroup section */
		56C0D90B1DAB287A002C7D5C /* Main.storyboard */ = {
			isa = PBXVariantGroup;
			children = (
				56C0D90C1DAB287A002C7D5C /* Base */,
			);
			name = Main.storyboard;
			sourceTree = "<group>";
		};
		56C0D9101DAB287A002C7D5C /* LaunchScreen.storyboard */ = {
			isa = PBXVariantGroup;
			children = (
				56C0D9111DAB287A002C7D5C /* Base */,
			);
			name = LaunchScreen.storyboard;
			sourceTree = "<group>";
		};
/* End PBXVariantGroup section */

/* Begin XCBuildConfiguration section */
		56C0D92A1DAB287B002C7D5C /* Debug */ = {
			isa = XCBuildConfiguration;
			buildSettings = {
				ALWAYS_SEARCH_USER_PATHS = NO;
				CLANG_ANALYZER_NONNULL = YES;
				CLANG_CXX_LANGUAGE_STANDARD = "gnu++0x";
				CLANG_CXX_LIBRARY = "libc++";
				CLANG_ENABLE_MODULES = YES;
				CLANG_ENABLE_OBJC_ARC = YES;
				CLANG_WARN_BOOL_CONVERSION = YES;
				CLANG_WARN_CONSTANT_CONVERSION = YES;
				CLANG_WARN_DIRECT_OBJC_ISA_USAGE = YES_ERROR;
				CLANG_WARN_EMPTY_BODY = YES;
				CLANG_WARN_ENUM_CONVERSION = YES;
				CLANG_WARN_INT_CONVERSION = YES;
				CLANG_WARN_OBJC_ROOT_CLASS = YES_ERROR;
				CLANG_WARN_UNREACHABLE_CODE = YES;
				CLANG_WARN__DUPLICATE_METHOD_MATCH = YES;
				"CODE_SIGN_IDENTITY[sdk=iphoneos*]" = "iPhone Developer";
				COPY_PHASE_STRIP = NO;
				DEBUG_INFORMATION_FORMAT = dwarf;
				ENABLE_STRICT_OBJC_MSGSEND = YES;
				ENABLE_TESTABILITY = YES;
				GCC_C_LANGUAGE_STANDARD = gnu99;
				GCC_DYNAMIC_NO_PIC = NO;
				GCC_NO_COMMON_BLOCKS = YES;
				GCC_OPTIMIZATION_LEVEL = 0;
				GCC_PREPROCESSOR_DEFINITIONS = (
					"DEBUG=1",
					"$(inherited)",
				);
				GCC_WARN_64_TO_32_BIT_CONVERSION = YES;
				GCC_WARN_ABOUT_RETURN_TYPE = YES_ERROR;
				GCC_WARN_UNDECLARED_SELECTOR = YES;
				GCC_WARN_UNINITIALIZED_AUTOS = YES_AGGRESSIVE;
				GCC_WARN_UNUSED_FUNCTION = YES;
				GCC_WARN_UNUSED_VARIABLE = YES;
				IPHONEOS_DEPLOYMENT_TARGET = 9.3;
				MTL_ENABLE_DEBUG_INFO = YES;
				ONLY_ACTIVE_ARCH = YES;
				SDKROOT = iphoneos;
				TARGETED_DEVICE_FAMILY = "1,2";
			};
			name = Debug;
		};
		56C0D92B1DAB287B002C7D5C /* Release */ = {
			isa = XCBuildConfiguration;
			buildSettings = {
				ALWAYS_SEARCH_USER_PATHS = NO;
				CLANG_ANALYZER_NONNULL = YES;
				CLANG_CXX_LANGUAGE_STANDARD = "gnu++0x";
				CLANG_CXX_LIBRARY = "libc++";
				CLANG_ENABLE_MODULES = YES;
				CLANG_ENABLE_OBJC_ARC = YES;
				CLANG_WARN_BOOL_CONVERSION = YES;
				CLANG_WARN_CONSTANT_CONVERSION = YES;
				CLANG_WARN_DIRECT_OBJC_ISA_USAGE = YES_ERROR;
				CLANG_WARN_EMPTY_BODY = YES;
				CLANG_WARN_ENUM_CONVERSION = YES;
				CLANG_WARN_INT_CONVERSION = YES;
				CLANG_WARN_OBJC_ROOT_CLASS = YES_ERROR;
				CLANG_WARN_UNREACHABLE_CODE = YES;
				CLANG_WARN__DUPLICATE_METHOD_MATCH = YES;
				"CODE_SIGN_IDENTITY[sdk=iphoneos*]" = "iPhone Developer";
				COPY_PHASE_STRIP = NO;
				DEBUG_INFORMATION_FORMAT = "dwarf-with-dsym";
				ENABLE_NS_ASSERTIONS = NO;
				ENABLE_STRICT_OBJC_MSGSEND = YES;
				GCC_C_LANGUAGE_STANDARD = gnu99;
				GCC_NO_COMMON_BLOCKS = YES;
				GCC_WARN_64_TO_32_BIT_CONVERSION = YES;
				GCC_WARN_ABOUT_RETURN_TYPE = YES_ERROR;
				GCC_WARN_UNDECLARED_SELECTOR = YES;
				GCC_WARN_UNINITIALIZED_AUTOS = YES_AGGRESSIVE;
				GCC_WARN_UNUSED_FUNCTION = YES;
				GCC_WARN_UNUSED_VARIABLE = YES;
				IPHONEOS_DEPLOYMENT_TARGET = 9.3;
				MTL_ENABLE_DEBUG_INFO = NO;
				SDKROOT = iphoneos;
				TARGETED_DEVICE_FAMILY = "1,2";
				VALIDATE_PRODUCT = YES;
			};
			name = Release;
		};
		56C0D92D1DAB287B002C7D5C /* Debug */ = {
			isa = XCBuildConfiguration;
			buildSettings = {
				ASSETCATALOG_COMPILER_APPICON_NAME = AppIcon;
				INFOPLIST_FILE = ImagePicker/Info.plist;
				LD_RUNPATH_SEARCH_PATHS = "$(inherited) @executable_path/Frameworks";
				PRODUCT_BUNDLE_IDENTIFIER = Charles.ImagePicker;
				PRODUCT_NAME = "$(TARGET_NAME)";
			};
			name = Debug;
		};
		56C0D92E1DAB287B002C7D5C /* Release */ = {
			isa = XCBuildConfiguration;
			buildSettings = {
				ASSETCATALOG_COMPILER_APPICON_NAME = AppIcon;
				INFOPLIST_FILE = ImagePicker/Info.plist;
				LD_RUNPATH_SEARCH_PATHS = "$(inherited) @executable_path/Frameworks";
				PRODUCT_BUNDLE_IDENTIFIER = Charles.ImagePicker;
				PRODUCT_NAME = "$(TARGET_NAME)";
			};
			name = Release;
		};
		56C0D9301DAB287B002C7D5C /* Debug */ = {
			isa = XCBuildConfiguration;
			buildSettings = {
				BUNDLE_LOADER = "$(TEST_HOST)";
				INFOPLIST_FILE = ImagePickerTests/Info.plist;
				LD_RUNPATH_SEARCH_PATHS = "$(inherited) @executable_path/Frameworks @loader_path/Frameworks";
				PRODUCT_BUNDLE_IDENTIFIER = Charles.ImagePickerTests;
				PRODUCT_NAME = "$(TARGET_NAME)";
				TEST_HOST = "$(BUILT_PRODUCTS_DIR)/ImagePicker.app/ImagePicker";
			};
			name = Debug;
		};
		56C0D9311DAB287B002C7D5C /* Release */ = {
			isa = XCBuildConfiguration;
			buildSettings = {
				BUNDLE_LOADER = "$(TEST_HOST)";
				INFOPLIST_FILE = ImagePickerTests/Info.plist;
				LD_RUNPATH_SEARCH_PATHS = "$(inherited) @executable_path/Frameworks @loader_path/Frameworks";
				PRODUCT_BUNDLE_IDENTIFIER = Charles.ImagePickerTests;
				PRODUCT_NAME = "$(TARGET_NAME)";
				TEST_HOST = "$(BUILT_PRODUCTS_DIR)/ImagePicker.app/ImagePicker";
			};
			name = Release;
		};
		56C0D9331DAB287B002C7D5C /* Debug */ = {
			isa = XCBuildConfiguration;
			buildSettings = {
				INFOPLIST_FILE = ImagePickerUITests/Info.plist;
				LD_RUNPATH_SEARCH_PATHS = "$(inherited) @executable_path/Frameworks @loader_path/Frameworks";
				PRODUCT_BUNDLE_IDENTIFIER = Charles.ImagePickerUITests;
				PRODUCT_NAME = "$(TARGET_NAME)";
				TEST_TARGET_NAME = ImagePicker;
			};
			name = Debug;
		};
		56C0D9341DAB287B002C7D5C /* Release */ = {
			isa = XCBuildConfiguration;
			buildSettings = {
				INFOPLIST_FILE = ImagePickerUITests/Info.plist;
				LD_RUNPATH_SEARCH_PATHS = "$(inherited) @executable_path/Frameworks @loader_path/Frameworks";
				PRODUCT_BUNDLE_IDENTIFIER = Charles.ImagePickerUITests;
				PRODUCT_NAME = "$(TARGET_NAME)";
				TEST_TARGET_NAME = ImagePicker;
			};
			name = Release;
		};
/* End XCBuildConfiguration section */

/* Begin XCConfigurationList section */
		56C0D8FA1DAB287A002C7D5C /* Build configuration list for PBXProject "ImagePicker" */ = {
			isa = XCConfigurationList;
			buildConfigurations = (
				56C0D92A1DAB287B002C7D5C /* Debug */,
				56C0D92B1DAB287B002C7D5C /* Release */,
			);
			defaultConfigurationIsVisible = 0;
			defaultConfigurationName = Release;
		};
		56C0D92C1DAB287B002C7D5C /* Build configuration list for PBXNativeTarget "ImagePicker" */ = {
			isa = XCConfigurationList;
			buildConfigurations = (
				56C0D92D1DAB287B002C7D5C /* Debug */,
				56C0D92E1DAB287B002C7D5C /* Release */,
			);
			defaultConfigurationIsVisible = 0;
			defaultConfigurationName = Release;
		};
		56C0D92F1DAB287B002C7D5C /* Build configuration list for PBXNativeTarget "ImagePickerTests" */ = {
			isa = XCConfigurationList;
			buildConfigurations = (
				56C0D9301DAB287B002C7D5C /* Debug */,
				56C0D9311DAB287B002C7D5C /* Release */,
			);
			defaultConfigurationIsVisible = 0;
			defaultConfigurationName = Release;
		};
		56C0D9321DAB287B002C7D5C /* Build configuration list for PBXNativeTarget "ImagePickerUITests" */ = {
			isa = XCConfigurationList;
			buildConfigurations = (
				56C0D9331DAB287B002C7D5C /* Debug */,
				56C0D9341DAB287B002C7D5C /* Release */,
			);
			defaultConfigurationIsVisible = 0;
			defaultConfigurationName = Release;
		};
/* End XCConfigurationList section */
	};
	rootObject = 56C0D8F71DAB287A002C7D5C /* Project object */;
}
